// !$*UTF8*$!
{
	archiveVersion = 1;
	classes = {
	};
	objectVersion = 50;
	objects = {

/* Begin PBXBuildFile section */
		E01E171E266676E100C98386 /* AppDelegate.swift in Sources */ = {isa = PBXBuildFile; fileRef = E01E171D266676E100C98386 /* AppDelegate.swift */; };
		E01E1720266676E100C98386 /* SceneDelegate.swift in Sources */ = {isa = PBXBuildFile; fileRef = E01E171F266676E100C98386 /* SceneDelegate.swift */; };
		E01E1722266676E100C98386 /* ViewController.swift in Sources */ = {isa = PBXBuildFile; fileRef = E01E1721266676E100C98386 /* ViewController.swift */; };
		E01E1725266676E100C98386 /* Main.storyboard in Resources */ = {isa = PBXBuildFile; fileRef = E01E1723266676E100C98386 /* Main.storyboard */; };
		E01E1727266676E100C98386 /* Assets.xcassets in Resources */ = {isa = PBXBuildFile; fileRef = E01E1726266676E100C98386 /* Assets.xcassets */; };
		E01E172A266676E100C98386 /* LaunchScreen.storyboard in Resources */ = {isa = PBXBuildFile; fileRef = E01E1728266676E100C98386 /* LaunchScreen.storyboard */; };
		E01E1735266676E100C98386 /* CryptoTests.swift in Sources */ = {isa = PBXBuildFile; fileRef = E01E1734266676E100C98386 /* CryptoTests.swift */; };
		E01E1740266676E100C98386 /* CryptoUITests.swift in Sources */ = {isa = PBXBuildFile; fileRef = E01E173F266676E100C98386 /* CryptoUITests.swift */; };
/* End PBXBuildFile section */

/* Begin PBXContainerItemProxy section */
		E01E1731266676E100C98386 /* PBXContainerItemProxy */ = {
			isa = PBXContainerItemProxy;
			containerPortal = E01E1712266676E100C98386 /* Project object */;
			proxyType = 1;
			remoteGlobalIDString = E01E1719266676E100C98386;
			remoteInfo = Crypto;
		};
		E01E173C266676E100C98386 /* PBXContainerItemProxy */ = {
			isa = PBXContainerItemProxy;
			containerPortal = E01E1712266676E100C98386 /* Project object */;
			proxyType = 1;
			remoteGlobalIDString = E01E1719266676E100C98386;
			remoteInfo = Crypto;
		};
/* End PBXContainerItemProxy section */

/* Begin PBXFileReference section */
		E01E171A266676E100C98386 /* Crypto.app */ = {isa = PBXFileReference; explicitFileType = wrapper.application; includeInIndex = 0; path = Crypto.app; sourceTree = BUILT_PRODUCTS_DIR; };
		E01E171D266676E100C98386 /* AppDelegate.swift */ = {isa = PBXFileReference; lastKnownFileType = sourcecode.swift; path = AppDelegate.swift; sourceTree = "<group>"; };
		E01E171F266676E100C98386 /* SceneDelegate.swift */ = {isa = PBXFileReference; lastKnownFileType = sourcecode.swift; path = SceneDelegate.swift; sourceTree = "<group>"; };
		E01E1721266676E100C98386 /* ViewController.swift */ = {isa = PBXFileReference; lastKnownFileType = sourcecode.swift; path = ViewController.swift; sourceTree = "<group>"; };
		E01E1724266676E100C98386 /* Base */ = {isa = PBXFileReference; lastKnownFileType = file.storyboard; name = Base; path = Base.lproj/Main.storyboard; sourceTree = "<group>"; };
		E01E1726266676E100C98386 /* Assets.xcassets */ = {isa = PBXFileReference; lastKnownFileType = folder.assetcatalog; path = Assets.xcassets; sourceTree = "<group>"; };
		E01E1729266676E100C98386 /* Base */ = {isa = PBXFileReference; lastKnownFileType = file.storyboard; name = Base; path = Base.lproj/LaunchScreen.storyboard; sourceTree = "<group>"; };
		E01E172B266676E100C98386 /* Info.plist */ = {isa = PBXFileReference; lastKnownFileType = text.plist.xml; path = Info.plist; sourceTree = "<group>"; };
		E01E1730266676E100C98386 /* CryptoTests.xctest */ = {isa = PBXFileReference; explicitFileType = wrapper.cfbundle; includeInIndex = 0; path = CryptoTests.xctest; sourceTree = BUILT_PRODUCTS_DIR; };
		E01E1734266676E100C98386 /* CryptoTests.swift */ = {isa = PBXFileReference; lastKnownFileType = sourcecode.swift; path = CryptoTests.swift; sourceTree = "<group>"; };
		E01E1736266676E100C98386 /* Info.plist */ = {isa = PBXFileReference; lastKnownFileType = text.plist.xml; path = Info.plist; sourceTree = "<group>"; };
		E01E173B266676E100C98386 /* CryptoUITests.xctest */ = {isa = PBXFileReference; explicitFileType = wrapper.cfbundle; includeInIndex = 0; path = CryptoUITests.xctest; sourceTree = BUILT_PRODUCTS_DIR; };
		E01E173F266676E100C98386 /* CryptoUITests.swift */ = {isa = PBXFileReference; lastKnownFileType = sourcecode.swift; path = CryptoUITests.swift; sourceTree = "<group>"; };
		E01E1741266676E100C98386 /* Info.plist */ = {isa = PBXFileReference; lastKnownFileType = text.plist.xml; path = Info.plist; sourceTree = "<group>"; };
/* End PBXFileReference section */

/* Begin PBXFrameworksBuildPhase section */
		E01E1717266676E100C98386 /* Frameworks */ = {
			isa = PBXFrameworksBuildPhase;
			buildActionMask = 2147483647;
			files = (
			);
			runOnlyForDeploymentPostprocessing = 0;
		};
		E01E172D266676E100C98386 /* Frameworks */ = {
			isa = PBXFrameworksBuildPhase;
			buildActionMask = 2147483647;
			files = (
			);
			runOnlyForDeploymentPostprocessing = 0;
		};
		E01E1738266676E100C98386 /* Frameworks */ = {
			isa = PBXFrameworksBuildPhase;
			buildActionMask = 2147483647;
			files = (
			);
			runOnlyForDeploymentPostprocessing = 0;
		};
/* End PBXFrameworksBuildPhase section */

/* Begin PBXGroup section */
		E01E1711266676E100C98386 = {
			isa = PBXGroup;
			children = (
				E01E171C266676E100C98386 /* Crypto */,
				E01E1733266676E100C98386 /* CryptoTests */,
				E01E173E266676E100C98386 /* CryptoUITests */,
				E01E171B266676E100C98386 /* Products */,
			);
			sourceTree = "<group>";
		};
		E01E171B266676E100C98386 /* Products */ = {
			isa = PBXGroup;
			children = (
				E01E171A266676E100C98386 /* Crypto.app */,
				E01E1730266676E100C98386 /* CryptoTests.xctest */,
				E01E173B266676E100C98386 /* CryptoUITests.xctest */,
			);
			name = Products;
			sourceTree = "<group>";
		};
		E01E171C266676E100C98386 /* Crypto */ = {
			isa = PBXGroup;
			children = (
				E01E171D266676E100C98386 /* AppDelegate.swift */,
				E01E171F266676E100C98386 /* SceneDelegate.swift */,
				E01E1721266676E100C98386 /* ViewController.swift */,
				E01E1723266676E100C98386 /* Main.storyboard */,
				E01E1726266676E100C98386 /* Assets.xcassets */,
				E01E1728266676E100C98386 /* LaunchScreen.storyboard */,
				E01E172B266676E100C98386 /* Info.plist */,
			);
			path = Crypto;
			sourceTree = "<group>";
		};
		E01E1733266676E100C98386 /* CryptoTests */ = {
			isa = PBXGroup;
			children = (
				E01E1734266676E100C98386 /* CryptoTests.swift */,
				E01E1736266676E100C98386 /* Info.plist */,
			);
			path = CryptoTests;
			sourceTree = "<group>";
		};
		E01E173E266676E100C98386 /* CryptoUITests */ = {
			isa = PBXGroup;
			children = (
				E01E173F266676E100C98386 /* CryptoUITests.swift */,
				E01E1741266676E100C98386 /* Info.plist */,
			);
			path = CryptoUITests;
			sourceTree = "<group>";
		};
/* End PBXGroup section */

/* Begin PBXNativeTarget section */
		E01E1719266676E100C98386 /* Crypto */ = {
			isa = PBXNativeTarget;
			buildConfigurationList = E01E1744266676E100C98386 /* Build configuration list for PBXNativeTarget "Crypto" */;
			buildPhases = (
				E01E1716266676E100C98386 /* Sources */,
				E01E1717266676E100C98386 /* Frameworks */,
				E01E1718266676E100C98386 /* Resources */,
			);
			buildRules = (
			);
			dependencies = (
			);
			name = Crypto;
			productName = Crypto;
			productReference = E01E171A266676E100C98386 /* Crypto.app */;
			productType = "com.apple.product-type.application";
		};
		E01E172F266676E100C98386 /* CryptoTests */ = {
			isa = PBXNativeTarget;
			buildConfigurationList = E01E1747266676E100C98386 /* Build configuration list for PBXNativeTarget "CryptoTests" */;
			buildPhases = (
				E01E172C266676E100C98386 /* Sources */,
				E01E172D266676E100C98386 /* Frameworks */,
				E01E172E266676E100C98386 /* Resources */,
			);
			buildRules = (
			);
			dependencies = (
				E01E1732266676E100C98386 /* PBXTargetDependency */,
			);
			name = CryptoTests;
			productName = CryptoTests;
			productReference = E01E1730266676E100C98386 /* CryptoTests.xctest */;
			productType = "com.apple.product-type.bundle.unit-test";
		};
		E01E173A266676E100C98386 /* CryptoUITests */ = {
			isa = PBXNativeTarget;
			buildConfigurationList = E01E174A266676E100C98386 /* Build configuration list for PBXNativeTarget "CryptoUITests" */;
			buildPhases = (
				E01E1737266676E100C98386 /* Sources */,
				E01E1738266676E100C98386 /* Frameworks */,
				E01E1739266676E100C98386 /* Resources */,
			);
			buildRules = (
			);
			dependencies = (
				E01E173D266676E100C98386 /* PBXTargetDependency */,
			);
			name = CryptoUITests;
			productName = CryptoUITests;
			productReference = E01E173B266676E100C98386 /* CryptoUITests.xctest */;
			productType = "com.apple.product-type.bundle.ui-testing";
		};
/* End PBXNativeTarget section */

/* Begin PBXProject section */
		E01E1712266676E100C98386 /* Project object */ = {
			isa = PBXProject;
			attributes = {
				LastSwiftUpdateCheck = 1250;
				LastUpgradeCheck = 1250;
				TargetAttributes = {
					E01E1719266676E100C98386 = {
						CreatedOnToolsVersion = 12.5;
					};
					E01E172F266676E100C98386 = {
						CreatedOnToolsVersion = 12.5;
						TestTargetID = E01E1719266676E100C98386;
					};
					E01E173A266676E100C98386 = {
						CreatedOnToolsVersion = 12.5;
						TestTargetID = E01E1719266676E100C98386;
					};
				};
			};
			buildConfigurationList = E01E1715266676E100C98386 /* Build configuration list for PBXProject "Crypto" */;
			compatibilityVersion = "Xcode 9.3";
			developmentRegion = en;
			hasScannedForEncodings = 0;
			knownRegions = (
				en,
				Base,
			);
			mainGroup = E01E1711266676E100C98386;
			productRefGroup = E01E171B266676E100C98386 /* Products */;
			projectDirPath = "";
			projectRoot = "";
			targets = (
				E01E1719266676E100C98386 /* Crypto */,
				E01E172F266676E100C98386 /* CryptoTests */,
				E01E173A266676E100C98386 /* CryptoUITests */,
			);
		};
/* End PBXProject section */

/* Begin PBXResourcesBuildPhase section */
		E01E1718266676E100C98386 /* Resources */ = {
			isa = PBXResourcesBuildPhase;
			buildActionMask = 2147483647;
			files = (
				E01E172A266676E100C98386 /* LaunchScreen.storyboard in Resources */,
				E01E1727266676E100C98386 /* Assets.xcassets in Resources */,
				E01E1725266676E100C98386 /* Main.storyboard in Resources */,
			);
			runOnlyForDeploymentPostprocessing = 0;
		};
		E01E172E266676E100C98386 /* Resources */ = {
			isa = PBXResourcesBuildPhase;
			buildActionMask = 2147483647;
			files = (
			);
			runOnlyForDeploymentPostprocessing = 0;
		};
		E01E1739266676E100C98386 /* Resources */ = {
			isa = PBXResourcesBuildPhase;
			buildActionMask = 2147483647;
			files = (
			);
			runOnlyForDeploymentPostprocessing = 0;
		};
/* End PBXResourcesBuildPhase section */

/* Begin PBXSourcesBuildPhase section */
		E01E1716266676E100C98386 /* Sources */ = {
			isa = PBXSourcesBuildPhase;
			buildActionMask = 2147483647;
			files = (
				E01E1722266676E100C98386 /* ViewController.swift in Sources */,
				E01E171E266676E100C98386 /* AppDelegate.swift in Sources */,
				E01E1720266676E100C98386 /* SceneDelegate.swift in Sources */,
			);
			runOnlyForDeploymentPostprocessing = 0;
		};
		E01E172C266676E100C98386 /* Sources */ = {
			isa = PBXSourcesBuildPhase;
			buildActionMask = 2147483647;
			files = (
				E01E1735266676E100C98386 /* CryptoTests.swift in Sources */,
			);
			runOnlyForDeploymentPostprocessing = 0;
		};
		E01E1737266676E100C98386 /* Sources */ = {
			isa = PBXSourcesBuildPhase;
			buildActionMask = 2147483647;
			files = (
				E01E1740266676E100C98386 /* CryptoUITests.swift in Sources */,
			);
			runOnlyForDeploymentPostprocessing = 0;
		};
/* End PBXSourcesBuildPhase section */

/* Begin PBXTargetDependency section */
		E01E1732266676E100C98386 /* PBXTargetDependency */ = {
			isa = PBXTargetDependency;
			target = E01E1719266676E100C98386 /* Crypto */;
			targetProxy = E01E1731266676E100C98386 /* PBXContainerItemProxy */;
		};
		E01E173D266676E100C98386 /* PBXTargetDependency */ = {
			isa = PBXTargetDependency;
			target = E01E1719266676E100C98386 /* Crypto */;
			targetProxy = E01E173C266676E100C98386 /* PBXContainerItemProxy */;
		};
/* End PBXTargetDependency section */

/* Begin PBXVariantGroup section */
		E01E1723266676E100C98386 /* Main.storyboard */ = {
			isa = PBXVariantGroup;
			children = (
				E01E1724266676E100C98386 /* Base */,
			);
			name = Main.storyboard;
			sourceTree = "<group>";
		};
		E01E1728266676E100C98386 /* LaunchScreen.storyboard */ = {
			isa = PBXVariantGroup;
			children = (
				E01E1729266676E100C98386 /* Base */,
			);
			name = LaunchScreen.storyboard;
			sourceTree = "<group>";
		};
/* End PBXVariantGroup section */

/* Begin XCBuildConfiguration section */
		E01E1742266676E100C98386 /* Debug */ = {
			isa = XCBuildConfiguration;
			buildSettings = {
				ALWAYS_SEARCH_USER_PATHS = NO;
				CLANG_ANALYZER_NONNULL = YES;
				CLANG_ANALYZER_NUMBER_OBJECT_CONVERSION = YES_AGGRESSIVE;
				CLANG_CXX_LANGUAGE_STANDARD = "gnu++14";
				CLANG_CXX_LIBRARY = "libc++";
				CLANG_ENABLE_MODULES = YES;
				CLANG_ENABLE_OBJC_ARC = YES;
				CLANG_ENABLE_OBJC_WEAK = YES;
				CLANG_WARN_BLOCK_CAPTURE_AUTORELEASING = YES;
				CLANG_WARN_BOOL_CONVERSION = YES;
				CLANG_WARN_COMMA = YES;
				CLANG_WARN_CONSTANT_CONVERSION = YES;
				CLANG_WARN_DEPRECATED_OBJC_IMPLEMENTATIONS = YES;
				CLANG_WARN_DIRECT_OBJC_ISA_USAGE = YES_ERROR;
				CLANG_WARN_DOCUMENTATION_COMMENTS = YES;
				CLANG_WARN_EMPTY_BODY = YES;
				CLANG_WARN_ENUM_CONVERSION = YES;
				CLANG_WARN_INFINITE_RECURSION = YES;
				CLANG_WARN_INT_CONVERSION = YES;
				CLANG_WARN_NON_LITERAL_NULL_CONVERSION = YES;
				CLANG_WARN_OBJC_IMPLICIT_RETAIN_SELF = YES;
				CLANG_WARN_OBJC_LITERAL_CONVERSION = YES;
				CLANG_WARN_OBJC_ROOT_CLASS = YES_ERROR;
				CLANG_WARN_QUOTED_INCLUDE_IN_FRAMEWORK_HEADER = YES;
				CLANG_WARN_RANGE_LOOP_ANALYSIS = YES;
				CLANG_WARN_STRICT_PROTOTYPES = YES;
				CLANG_WARN_SUSPICIOUS_MOVE = YES;
				CLANG_WARN_UNGUARDED_AVAILABILITY = YES_AGGRESSIVE;
				CLANG_WARN_UNREACHABLE_CODE = YES;
				CLANG_WARN__DUPLICATE_METHOD_MATCH = YES;
				COPY_PHASE_STRIP = NO;
				DEBUG_INFORMATION_FORMAT = dwarf;
				ENABLE_STRICT_OBJC_MSGSEND = YES;
				ENABLE_TESTABILITY = YES;
				GCC_C_LANGUAGE_STANDARD = gnu11;
				GCC_DYNAMIC_NO_PIC = NO;
				GCC_NO_COMMON_BLOCKS = YES;
				GCC_OPTIMIZATION_LEVEL = 0;
				GCC_PREPROCESSOR_DEFINITIONS = (
					"DEBUG=1",
					"$(inherited)",
				);
				GCC_WARN_64_TO_32_BIT_CONVERSION = YES;
				GCC_WARN_ABOUT_RETURN_TYPE = YES_ERROR;
				GCC_WARN_UNDECLARED_SELECTOR = YES;
				GCC_WARN_UNINITIALIZED_AUTOS = YES_AGGRESSIVE;
				GCC_WARN_UNUSED_FUNCTION = YES;
				GCC_WARN_UNUSED_VARIABLE = YES;
				IPHONEOS_DEPLOYMENT_TARGET = 14.5;
				MTL_ENABLE_DEBUG_INFO = INCLUDE_SOURCE;
				MTL_FAST_MATH = YES;
				ONLY_ACTIVE_ARCH = YES;
				SDKROOT = iphoneos;
				SWIFT_ACTIVE_COMPILATION_CONDITIONS = DEBUG;
				SWIFT_OPTIMIZATION_LEVEL = "-Onone";
			};
			name = Debug;
		};
		E01E1743266676E100C98386 /* Release */ = {
			isa = XCBuildConfiguration;
			buildSettings = {
				ALWAYS_SEARCH_USER_PATHS = NO;
				CLANG_ANALYZER_NONNULL = YES;
				CLANG_ANALYZER_NUMBER_OBJECT_CONVERSION = YES_AGGRESSIVE;
				CLANG_CXX_LANGUAGE_STANDARD = "gnu++14";
				CLANG_CXX_LIBRARY = "libc++";
				CLANG_ENABLE_MODULES = YES;
				CLANG_ENABLE_OBJC_ARC = YES;
				CLANG_ENABLE_OBJC_WEAK = YES;
				CLANG_WARN_BLOCK_CAPTURE_AUTORELEASING = YES;
				CLANG_WARN_BOOL_CONVERSION = YES;
				CLANG_WARN_COMMA = YES;
				CLANG_WARN_CONSTANT_CONVERSION = YES;
				CLANG_WARN_DEPRECATED_OBJC_IMPLEMENTATIONS = YES;
				CLANG_WARN_DIRECT_OBJC_ISA_USAGE = YES_ERROR;
				CLANG_WARN_DOCUMENTATION_COMMENTS = YES;
				CLANG_WARN_EMPTY_BODY = YES;
				CLANG_WARN_ENUM_CONVERSION = YES;
				CLANG_WARN_INFINITE_RECURSION = YES;
				CLANG_WARN_INT_CONVERSION = YES;
				CLANG_WARN_NON_LITERAL_NULL_CONVERSION = YES;
				CLANG_WARN_OBJC_IMPLICIT_RETAIN_SELF = YES;
				CLANG_WARN_OBJC_LITERAL_CONVERSION = YES;
				CLANG_WARN_OBJC_ROOT_CLASS = YES_ERROR;
				CLANG_WARN_QUOTED_INCLUDE_IN_FRAMEWORK_HEADER = YES;
				CLANG_WARN_RANGE_LOOP_ANALYSIS = YES;
				CLANG_WARN_STRICT_PROTOTYPES = YES;
				CLANG_WARN_SUSPICIOUS_MOVE = YES;
				CLANG_WARN_UNGUARDED_AVAILABILITY = YES_AGGRESSIVE;
				CLANG_WARN_UNREACHABLE_CODE = YES;
				CLANG_WARN__DUPLICATE_METHOD_MATCH = YES;
				COPY_PHASE_STRIP = NO;
				DEBUG_INFORMATION_FORMAT = "dwarf-with-dsym";
				ENABLE_NS_ASSERTIONS = NO;
				ENABLE_STRICT_OBJC_MSGSEND = YES;
				GCC_C_LANGUAGE_STANDARD = gnu11;
				GCC_NO_COMMON_BLOCKS = YES;
				GCC_WARN_64_TO_32_BIT_CONVERSION = YES;
				GCC_WARN_ABOUT_RETURN_TYPE = YES_ERROR;
				GCC_WARN_UNDECLARED_SELECTOR = YES;
				GCC_WARN_UNINITIALIZED_AUTOS = YES_AGGRESSIVE;
				GCC_WARN_UNUSED_FUNCTION = YES;
				GCC_WARN_UNUSED_VARIABLE = YES;
				IPHONEOS_DEPLOYMENT_TARGET = 14.5;
				MTL_ENABLE_DEBUG_INFO = NO;
				MTL_FAST_MATH = YES;
				SDKROOT = iphoneos;
				SWIFT_COMPILATION_MODE = wholemodule;
				SWIFT_OPTIMIZATION_LEVEL = "-O";
				VALIDATE_PRODUCT = YES;
			};
			name = Release;
		};
		E01E1745266676E100C98386 /* Debug */ = {
			isa = XCBuildConfiguration;
			buildSettings = {
				ASSETCATALOG_COMPILER_APPICON_NAME = AppIcon;
				ASSETCATALOG_COMPILER_GLOBAL_ACCENT_COLOR_NAME = AccentColor;
				CODE_SIGN_STYLE = Automatic;
				DEVELOPMENT_TEAM = DCWH676888;
				INFOPLIST_FILE = Crypto/Info.plist;
				LD_RUNPATH_SEARCH_PATHS = (
					"$(inherited)",
					"@executable_path/Frameworks",
				);
				PRODUCT_BUNDLE_IDENTIFIER = "tifo-foundation.Crypto";
				PRODUCT_NAME = "$(TARGET_NAME)";
				SWIFT_VERSION = 5.0;
				TARGETED_DEVICE_FAMILY = "1,2";
			};
			name = Debug;
		};
		E01E1746266676E100C98386 /* Release */ = {
			isa = XCBuildConfiguration;
			buildSettings = {
				ASSETCATALOG_COMPILER_APPICON_NAME = AppIcon;
				ASSETCATALOG_COMPILER_GLOBAL_ACCENT_COLOR_NAME = AccentColor;
				CODE_SIGN_STYLE = Automatic;
				DEVELOPMENT_TEAM = DCWH676888;
				INFOPLIST_FILE = Crypto/Info.plist;
				LD_RUNPATH_SEARCH_PATHS = (
					"$(inherited)",
					"@executable_path/Frameworks",
				);
				PRODUCT_BUNDLE_IDENTIFIER = "tifo-foundation.Crypto";
				PRODUCT_NAME = "$(TARGET_NAME)";
				SWIFT_VERSION = 5.0;
				TARGETED_DEVICE_FAMILY = "1,2";
			};
			name = Release;
		};
		E01E1748266676E100C98386 /* Debug */ = {
			isa = XCBuildConfiguration;
			buildSettings = {
				ALWAYS_EMBED_SWIFT_STANDARD_LIBRARIES = YES;
				BUNDLE_LOADER = "$(TEST_HOST)";
				CODE_SIGN_STYLE = Automatic;
				DEVELOPMENT_TEAM = DCWH676888;
				INFOPLIST_FILE = CryptoTests/Info.plist;
				IPHONEOS_DEPLOYMENT_TARGET = 14.5;
				LD_RUNPATH_SEARCH_PATHS = (
					"$(inherited)",
					"@executable_path/Frameworks",
					"@loader_path/Frameworks",
				);
				PRODUCT_BUNDLE_IDENTIFIER = "tifo-foundation.CryptoTests";
				PRODUCT_NAME = "$(TARGET_NAME)";
				SWIFT_VERSION = 5.0;
				TARGETED_DEVICE_FAMILY = "1,2";
				TEST_HOST = "$(BUILT_PRODUCTS_DIR)/Crypto.app/Crypto";
			};
			name = Debug;
		};
		E01E1749266676E100C98386 /* Release */ = {
			isa = XCBuildConfiguration;
			buildSettings = {
				ALWAYS_EMBED_SWIFT_STANDARD_LIBRARIES = YES;
				BUNDLE_LOADER = "$(TEST_HOST)";
				CODE_SIGN_STYLE = Automatic;
				DEVELOPMENT_TEAM = DCWH676888;
				INFOPLIST_FILE = CryptoTests/Info.plist;
				IPHONEOS_DEPLOYMENT_TARGET = 14.5;
				LD_RUNPATH_SEARCH_PATHS = (
					"$(inherited)",
					"@executable_path/Frameworks",
					"@loader_path/Frameworks",
				);
				PRODUCT_BUNDLE_IDENTIFIER = "tifo-foundation.CryptoTests";
				PRODUCT_NAME = "$(TARGET_NAME)";
				SWIFT_VERSION = 5.0;
				TARGETED_DEVICE_FAMILY = "1,2";
				TEST_HOST = "$(BUILT_PRODUCTS_DIR)/Crypto.app/Crypto";
			};
			name = Release;
		};
		E01E174B266676E100C98386 /* Debug */ = {
			isa = XCBuildConfiguration;
			buildSettings = {
				ALWAYS_EMBED_SWIFT_STANDARD_LIBRARIES = YES;
				CODE_SIGN_STYLE = Automatic;
				DEVELOPMENT_TEAM = DCWH676888;
				INFOPLIST_FILE = CryptoUITests/Info.plist;
				LD_RUNPATH_SEARCH_PATHS = (
					"$(inherited)",
					"@executable_path/Frameworks",
					"@loader_path/Frameworks",
				);
				PRODUCT_BUNDLE_IDENTIFIER = "tifo-foundation.CryptoUITests";
				PRODUCT_NAME = "$(TARGET_NAME)";
				SWIFT_VERSION = 5.0;
				TARGETED_DEVICE_FAMILY = "1,2";
				TEST_TARGET_NAME = Crypto;
			};
			name = Debug;
		};
		E01E174C266676E100C98386 /* Release */ = {
			isa = XCBuildConfiguration;
			buildSettings = {
				ALWAYS_EMBED_SWIFT_STANDARD_LIBRARIES = YES;
				CODE_SIGN_STYLE = Automatic;
				DEVELOPMENT_TEAM = DCWH676888;
				INFOPLIST_FILE = CryptoUITests/Info.plist;
				LD_RUNPATH_SEARCH_PATHS = (
					"$(inherited)",
					"@executable_path/Frameworks",
					"@loader_path/Frameworks",
				);
				PRODUCT_BUNDLE_IDENTIFIER = "tifo-foundation.CryptoUITests";
				PRODUCT_NAME = "$(TARGET_NAME)";
				SWIFT_VERSION = 5.0;
				TARGETED_DEVICE_FAMILY = "1,2";
				TEST_TARGET_NAME = Crypto;
			};
			name = Release;
		};
/* End XCBuildConfiguration section */

/* Begin XCConfigurationList section */
		E01E1715266676E100C98386 /* Build configuration list for PBXProject "Crypto" */ = {
			isa = XCConfigurationList;
			buildConfigurations = (
				E01E1742266676E100C98386 /* Debug */,
				E01E1743266676E100C98386 /* Release */,
			);
			defaultConfigurationIsVisible = 0;
			defaultConfigurationName = Release;
		};
		E01E1744266676E100C98386 /* Build configuration list for PBXNativeTarget "Crypto" */ = {
			isa = XCConfigurationList;
			buildConfigurations = (
				E01E1745266676E100C98386 /* Debug */,
				E01E1746266676E100C98386 /* Release */,
			);
			defaultConfigurationIsVisible = 0;
			defaultConfigurationName = Release;
		};
		E01E1747266676E100C98386 /* Build configuration list for PBXNativeTarget "CryptoTests" */ = {
			isa = XCConfigurationList;
			buildConfigurations = (
				E01E1748266676E100C98386 /* Debug */,
				E01E1749266676E100C98386 /* Release */,
			);
			defaultConfigurationIsVisible = 0;
			defaultConfigurationName = Release;
		};
		E01E174A266676E100C98386 /* Build configuration list for PBXNativeTarget "CryptoUITests" */ = {
			isa = XCConfigurationList;
			buildConfigurations = (
				E01E174B266676E100C98386 /* Debug */,
				E01E174C266676E100C98386 /* Release */,
			);
			defaultConfigurationIsVisible = 0;
			defaultConfigurationName = Release;
		};
/* End XCConfigurationList section */
	};
	rootObject = E01E1712266676E100C98386 /* Project object */;
}
